
Microsoft Visual Studio Solution File, Format Version 12.00
# Visual Studio Version 17
VisualStudioVersion = 17.4.33213.308
MinimumVisualStudioVersion = 10.0.40219.1
Project("{9A19103F-16F7-4668-BE54-9A1E7A4F7556}") = "Contallocator", "Contallocator\Contallocator.csproj", "{D9811DB2-B741-40AD-8B90-674B5B4B76E0}"
EndProject
Project("{9A19103F-16F7-4668-BE54-9A1E7A4F7556}") = "Scourge", "Scourge\Scourge.csproj", "{98B814B7-0788-4ED5-8476-D84031C411F5}"
EndProject
Project("{9A19103F-16F7-4668-BE54-9A1E7A4F7556}") = "Scourge.AspNetCore", "Scourge.AspNetCore\Scourge.AspNetCore.csproj", "{17EDB754-64A1-4505-A31F-7961798A3D1F}"
EndProject
Project("{2150E333-8FDC-42A3-9474-1A3956D46DE8}") = "build", "build", "{6B33E2B5-66FC-4491-AE29-D25771195E5D}"
	ProjectSection(SolutionItems) = preProject
		Directory.Build.props = Directory.Build.props
		Directory.Packages.props = Directory.Packages.props
	EndProjectSection
EndProject
Project("{2150E333-8FDC-42A3-9474-1A3956D46DE8}") = "Tests", "Tests", "{E84F1040-59FC-40AD-8FF3-DD0A356DC12D}"
EndProject
Project("{FAE04EC0-301F-11D3-BF4B-00C04F79EFBC}") = "Scourge.Tests", "Scourge.Tests\Scourge.Tests.csproj", "{748CA1A8-2220-45B2-89AA-CC2985F797CF}"
EndProject
Global
	GlobalSection(SolutionConfigurationPlatforms) = preSolution
		Debug|Any CPU = Debug|Any CPU
		Release|Any CPU = Release|Any CPU
	EndGlobalSection
	GlobalSection(ProjectConfigurationPlatforms) = postSolution
		{D9811DB2-B741-40AD-8B90-674B5B4B76E0}.Debug|Any CPU.ActiveCfg = Debug|Any CPU
		{D9811DB2-B741-40AD-8B90-674B5B4B76E0}.Debug|Any CPU.Build.0 = Debug|Any CPU
		{D9811DB2-B741-40AD-8B90-674B5B4B76E0}.Release|Any CPU.ActiveCfg = Release|Any CPU
		{D9811DB2-B741-40AD-8B90-674B5B4B76E0}.Release|Any CPU.Build.0 = Release|Any CPU
		{98B814B7-0788-4ED5-8476-D84031C411F5}.Debug|Any CPU.ActiveCfg = Debug|Any CPU
		{98B814B7-0788-4ED5-8476-D84031C411F5}.Debug|Any CPU.Build.0 = Debug|Any CPU
		{98B814B7-0788-4ED5-8476-D84031C411F5}.Release|Any CPU.ActiveCfg = Release|Any CPU
		{98B814B7-0788-4ED5-8476-D84031C411F5}.Release|Any CPU.Build.0 = Release|Any CPU
		{17EDB754-64A1-4505-A31F-7961798A3D1F}.Debug|Any CPU.ActiveCfg = Debug|Any CPU
		{17EDB754-64A1-4505-A31F-7961798A3D1F}.Debug|Any CPU.Build.0 = Debug|Any CPU
		{17EDB754-64A1-4505-A31F-7961798A3D1F}.Release|Any CPU.ActiveCfg = Release|Any CPU
		{17EDB754-64A1-4505-A31F-7961798A3D1F}.Release|Any CPU.Build.0 = Release|Any CPU
		{748CA1A8-2220-45B2-89AA-CC2985F797CF}.Debug|Any CPU.ActiveCfg = Debug|Any CPU
		{748CA1A8-2220-45B2-89AA-CC2985F797CF}.Debug|Any CPU.Build.0 = Debug|Any CPU
		{748CA1A8-2220-45B2-89AA-CC2985F797CF}.Release|Any CPU.ActiveCfg = Release|Any CPU
		{748CA1A8-2220-45B2-89AA-CC2985F797CF}.Release|Any CPU.Build.0 = Release|Any CPU
	EndGlobalSection
	GlobalSection(SolutionProperties) = preSolution
		HideSolutionNode = FALSE
	EndGlobalSection
	GlobalSection(NestedProjects) = preSolution
		{748CA1A8-2220-45B2-89AA-CC2985F797CF} = {E84F1040-59FC-40AD-8FF3-DD0A356DC12D}
	EndGlobalSection
	GlobalSection(ExtensibilityGlobals) = postSolution
		SolutionGuid = {6D46826A-5DF3-4B62-9D6E-EFA52B3B2C8A}
	EndGlobalSection
EndGlobal
